{
  "name": "emby-theater-enhanced-tooling",
  "version": "0.1.1",
  "lockfileVersion": 3,
  "requires": true,
  "packages": {
    "": {
      "name": "emby-theater-enhanced-tooling",
      "version": "0.1.1",
      "devDependencies": {
        "node-unrar-js": "2.0.2"
      }
    },
    "node_modules/node-unrar-js": {
      "version": "2.0.2",
      "resolved": "https://registry.npmjs.org/node-unrar-js/-/node-unrar-js-2.0.2.tgz",
      "integrity": "sha512-hLNmoJzqaKJnod8yiTVGe9hnlNRHotUi0CreSv/8HtfRi/3JnRC8DvsmKfeGGguRjTEulhZK6zXX5PXoVuDZ2w==",
      "dev": true,
      "license": "MIT",
      "engines": {
        "node": ">=10.0.0"
      }
    }
  }
}
